
Microsoft Visual Studio Solution File, Format Version 12.00
# Visual Studio Version 17
VisualStudioVersion = 17.5.33530.505
MinimumVisualStudioVersion = 10.0.40219.1
Project("{D2ABAB84-BF74-430A-B69E-9DC6D40DDA17}") = "CUBO_JARM", "CUBO_JARM.dwproj", "{F65770C1-2587-464F-8BE8-18636767B39C}"
EndProject
Global
	GlobalSection(SolutionConfigurationPlatforms) = preSolution
		Development|Default = Development|Default
	EndGlobalSection
	GlobalSection(ProjectConfigurationPlatforms) = postSolution
		{F65770C1-2587-464F-8BE8-18636767B39C}.Development|Default.ActiveCfg = Development
		{F65770C1-2587-464F-8BE8-18636767B39C}.Development|Default.Build.0 = Development
		{F65770C1-2587-464F-8BE8-18636767B39C}.Development|Default.Deploy.0 = Development
	EndGlobalSection
	GlobalSection(SolutionProperties) = preSolution
		HideSolutionNode = FALSE
	EndGlobalSection
	GlobalSection(ExtensibilityGlobals) = postSolution
		SolutionGuid = {1077A5D9-F4A0-4F14-B3A1-E75A4BCB19C9}
	EndGlobalSection
EndGlobal
